
Microsoft Visual Studio Solution File, Format Version 12.00
# Visual Studio 15
VisualStudioVersion = 15.0.27130.2027
MinimumVisualStudioVersion = 10.0.40219.1
Project("{FAE04EC0-301F-11D3-BF4B-00C04F79EFBC}") = "TTTester", "TTTester\TTTester.csproj", "{B240994A-F631-4E78-B982-EC011C9F1399}"
EndProject
Project("{FAE04EC0-301F-11D3-BF4B-00C04F79EFBC}") = "Control", "Control\Control.csproj", "{0D0B6FA8-88B1-4D04-AA92-E0E0EAE9E0EE}"
EndProject
Global
	GlobalSection(SolutionConfigurationPlatforms) = preSolution
		Debug|Any CPU = Debug|Any CPU
		Release|Any CPU = Release|Any CPU
	EndGlobalSection
	GlobalSection(ProjectConfigurationPlatforms) = postSolution
		{B240994A-F631-4E78-B982-EC011C9F1399}.Debug|Any CPU.ActiveCfg = Debug|Any CPU
		{B240994A-F631-4E78-B982-EC011C9F1399}.Debug|Any CPU.Build.0 = Debug|Any CPU
		{B240994A-F631-4E78-B982-EC011C9F1399}.Release|Any CPU.ActiveCfg = Release|Any CPU
		{B240994A-F631-4E78-B982-EC011C9F1399}.Release|Any CPU.Build.0 = Release|Any CPU
		{0D0B6FA8-88B1-4D04-AA92-E0E0EAE9E0EE}.Debug|Any CPU.ActiveCfg = Debug|Any CPU
		{0D0B6FA8-88B1-4D04-AA92-E0E0EAE9E0EE}.Debug|Any CPU.Build.0 = Debug|Any CPU
		{0D0B6FA8-88B1-4D04-AA92-E0E0EAE9E0EE}.Release|Any CPU.ActiveCfg = Release|Any CPU
		{0D0B6FA8-88B1-4D04-AA92-E0E0EAE9E0EE}.Release|Any CPU.Build.0 = Release|Any CPU
	EndGlobalSection
	GlobalSection(SolutionProperties) = preSolution
		HideSolutionNode = FALSE
	EndGlobalSection
	GlobalSection(ExtensibilityGlobals) = postSolution
		SolutionGuid = {921F12A6-C213-4294-B6E7-A26AC6ACFEAB}
	EndGlobalSection
EndGlobal
